
Microsoft Visual Studio Solution File, Format Version 12.00
Project("{FAE04EC0-301F-11D3-BF4B-00C04F79EFBC}") = "Foccbe.Console", "Foccbe.Console\Foccbe.Console.csproj", "{42F51D48-F4E2-4CEA-9AE6-821BFEBC4C24}"
EndProject
Project("{2150E333-8FDC-42A3-9474-1A3956D46DE8}") = "Files", "Files", "{B1274E30-0EE0-4C81-9D90-A7339F17ACC2}"
	ProjectSection(SolutionItems) = preProject
		Design.md = Design.md
		Project Plan.md = Project Plan.md
	EndProjectSection
EndProject
Global
	GlobalSection(SolutionConfigurationPlatforms) = preSolution
		Debug|Any CPU = Debug|Any CPU
		Release|Any CPU = Release|Any CPU
	EndGlobalSection
	GlobalSection(ProjectConfigurationPlatforms) = postSolution
		{42F51D48-F4E2-4CEA-9AE6-821BFEBC4C24}.Debug|Any CPU.ActiveCfg = Debug|Any CPU
		{42F51D48-F4E2-4CEA-9AE6-821BFEBC4C24}.Debug|Any CPU.Build.0 = Debug|Any CPU
		{42F51D48-F4E2-4CEA-9AE6-821BFEBC4C24}.Release|Any CPU.ActiveCfg = Release|Any CPU
		{42F51D48-F4E2-4CEA-9AE6-821BFEBC4C24}.Release|Any CPU.Build.0 = Release|Any CPU
	EndGlobalSection
EndGlobal
